
Microsoft Visual Studio Solution File, Format Version 12.00
# Visual Studio Version 17
VisualStudioVersion = 17.12.35527.113
MinimumVisualStudioVersion = 10.0.40219.1
Project("{FAE04EC0-301F-11D3-BF4B-00C04F79EFBC}") = "MyCSharpToolProject", "MyCSharpToolProject\MyCSharpToolProject.csproj", "{B379C8A5-3757-448F-A09C-C561671AC2DC}"
EndProject
Project("{FAE04EC0-301F-11D3-BF4B-00C04F79EFBC}") = "TrafficLight_FSM", "TrafficLight_FSM\TrafficLight_FSM.csproj", "{EA6ACC91-80B6-412B-89CB-262BD9493B0E}"
EndProject
Project("{2150E333-8FDC-42A3-9474-1A3956D46DE8}") = "TestProject", "TestProject", "{724099BD-C501-479A-ABC3-0AE2F4562463}"
EndProject
Project("{FAE04EC0-301F-11D3-BF4B-00C04F79EFBC}") = "TrafficLight_FSM_Project", "TrafficLight_FSM_Project\TrafficLight_FSM_Project.csproj", "{804B5000-6938-489C-A665-814AFEF4AA19}"
EndProject
Project("{FAE04EC0-301F-11D3-BF4B-00C04F79EFBC}") = "GaussianFitting_TestProject", "GaussianFitting_TestProject\GaussianFitting_TestProject.csproj", "{49241C17-F4D8-4196-831A-3E668EC5E90A}"
EndProject
Project("{FAE04EC0-301F-11D3-BF4B-00C04F79EFBC}") = "CoffeeMachineProject", "CoffeeMachineProject\CoffeeMachineProject.csproj", "{774D22FD-CCF1-48F5-B2DC-20D25318A4A5}"
EndProject
Global
	GlobalSection(SolutionConfigurationPlatforms) = preSolution
		Debug|Any CPU = Debug|Any CPU
		Release|Any CPU = Release|Any CPU
	EndGlobalSection
	GlobalSection(ProjectConfigurationPlatforms) = postSolution
		{B379C8A5-3757-448F-A09C-C561671AC2DC}.Debug|Any CPU.ActiveCfg = Debug|Any CPU
		{B379C8A5-3757-448F-A09C-C561671AC2DC}.Debug|Any CPU.Build.0 = Debug|Any CPU
		{B379C8A5-3757-448F-A09C-C561671AC2DC}.Release|Any CPU.ActiveCfg = Release|Any CPU
		{B379C8A5-3757-448F-A09C-C561671AC2DC}.Release|Any CPU.Build.0 = Release|Any CPU
		{EA6ACC91-80B6-412B-89CB-262BD9493B0E}.Debug|Any CPU.ActiveCfg = Debug|Any CPU
		{EA6ACC91-80B6-412B-89CB-262BD9493B0E}.Debug|Any CPU.Build.0 = Debug|Any CPU
		{EA6ACC91-80B6-412B-89CB-262BD9493B0E}.Release|Any CPU.ActiveCfg = Release|Any CPU
		{EA6ACC91-80B6-412B-89CB-262BD9493B0E}.Release|Any CPU.Build.0 = Release|Any CPU
		{804B5000-6938-489C-A665-814AFEF4AA19}.Debug|Any CPU.ActiveCfg = Debug|Any CPU
		{804B5000-6938-489C-A665-814AFEF4AA19}.Debug|Any CPU.Build.0 = Debug|Any CPU
		{804B5000-6938-489C-A665-814AFEF4AA19}.Release|Any CPU.ActiveCfg = Release|Any CPU
		{804B5000-6938-489C-A665-814AFEF4AA19}.Release|Any CPU.Build.0 = Release|Any CPU
		{49241C17-F4D8-4196-831A-3E668EC5E90A}.Debug|Any CPU.ActiveCfg = Debug|Any CPU
		{49241C17-F4D8-4196-831A-3E668EC5E90A}.Debug|Any CPU.Build.0 = Debug|Any CPU
		{49241C17-F4D8-4196-831A-3E668EC5E90A}.Release|Any CPU.ActiveCfg = Release|Any CPU
		{49241C17-F4D8-4196-831A-3E668EC5E90A}.Release|Any CPU.Build.0 = Release|Any CPU
		{774D22FD-CCF1-48F5-B2DC-20D25318A4A5}.Debug|Any CPU.ActiveCfg = Debug|Any CPU
		{774D22FD-CCF1-48F5-B2DC-20D25318A4A5}.Debug|Any CPU.Build.0 = Debug|Any CPU
		{774D22FD-CCF1-48F5-B2DC-20D25318A4A5}.Release|Any CPU.ActiveCfg = Release|Any CPU
		{774D22FD-CCF1-48F5-B2DC-20D25318A4A5}.Release|Any CPU.Build.0 = Release|Any CPU
	EndGlobalSection
	GlobalSection(SolutionProperties) = preSolution
		HideSolutionNode = FALSE
	EndGlobalSection
	GlobalSection(NestedProjects) = preSolution
		{804B5000-6938-489C-A665-814AFEF4AA19} = {724099BD-C501-479A-ABC3-0AE2F4562463}
		{49241C17-F4D8-4196-831A-3E668EC5E90A} = {724099BD-C501-479A-ABC3-0AE2F4562463}
		{774D22FD-CCF1-48F5-B2DC-20D25318A4A5} = {724099BD-C501-479A-ABC3-0AE2F4562463}
	EndGlobalSection
EndGlobal
